
Microsoft Visual Studio Solution File, Format Version 12.00
# Visual Studio Version 17
VisualStudioVersion = 17.11.35312.102
MinimumVisualStudioVersion = 10.0.40219.1
Project("{9A19103F-16F7-4668-BE54-9A1E7A4F7556}") = "CMS.Data", "CMS.Data\CMS.Data.csproj", "{5C324BEF-4C6B-4369-975F-42BA9358D02A}"
EndProject
Project("{9A19103F-16F7-4668-BE54-9A1E7A4F7556}") = "CMS.Backend", "CMS.Backend\CMS.Backend.csproj", "{871E5223-D38A-40E5-B2AE-1F6DC688D118}"
EndProject
Global
	GlobalSection(SolutionConfigurationPlatforms) = preSolution
		Debug|Any CPU = Debug|Any CPU
		Release|Any CPU = Release|Any CPU
	EndGlobalSection
	GlobalSection(ProjectConfigurationPlatforms) = postSolution
		{5C324BEF-4C6B-4369-975F-42BA9358D02A}.Debug|Any CPU.ActiveCfg = Debug|Any CPU
		{5C324BEF-4C6B-4369-975F-42BA9358D02A}.Debug|Any CPU.Build.0 = Debug|Any CPU
		{5C324BEF-4C6B-4369-975F-42BA9358D02A}.Release|Any CPU.ActiveCfg = Release|Any CPU
		{5C324BEF-4C6B-4369-975F-42BA9358D02A}.Release|Any CPU.Build.0 = Release|Any CPU
		{871E5223-D38A-40E5-B2AE-1F6DC688D118}.Debug|Any CPU.ActiveCfg = Debug|Any CPU
		{871E5223-D38A-40E5-B2AE-1F6DC688D118}.Debug|Any CPU.Build.0 = Debug|Any CPU
		{871E5223-D38A-40E5-B2AE-1F6DC688D118}.Release|Any CPU.ActiveCfg = Release|Any CPU
		{871E5223-D38A-40E5-B2AE-1F6DC688D118}.Release|Any CPU.Build.0 = Release|Any CPU
	EndGlobalSection
	GlobalSection(SolutionProperties) = preSolution
		HideSolutionNode = FALSE
	EndGlobalSection
	GlobalSection(ExtensibilityGlobals) = postSolution
		SolutionGuid = {CD14EA96-3B23-4867-AF66-F5729124ECA4}
	EndGlobalSection
EndGlobal
